
Microsoft Visual Studio Solution File, Format Version 12.00
# Visual Studio Version 16
VisualStudioVersion = 16.0.30413.136
MinimumVisualStudioVersion = 10.0.40219.1
Project("{FAE04EC0-301F-11D3-BF4B-00C04F79EFBC}") = "WFDotNetCoreGravarDadosMySQL", "WFDotNetCoreGravarDadosMySQL\WFDotNetCoreGravarDadosMySQL.csproj", "{2C372CC5-AC2F-4CCF-882A-C9AF37228F57}"
EndProject
Global
	GlobalSection(SolutionConfigurationPlatforms) = preSolution
		Debug|Any CPU = Debug|Any CPU
		Release|Any CPU = Release|Any CPU
	EndGlobalSection
	GlobalSection(ProjectConfigurationPlatforms) = postSolution
		{2C372CC5-AC2F-4CCF-882A-C9AF37228F57}.Debug|Any CPU.ActiveCfg = Debug|Any CPU
		{2C372CC5-AC2F-4CCF-882A-C9AF37228F57}.Debug|Any CPU.Build.0 = Debug|Any CPU
		{2C372CC5-AC2F-4CCF-882A-C9AF37228F57}.Release|Any CPU.ActiveCfg = Release|Any CPU
		{2C372CC5-AC2F-4CCF-882A-C9AF37228F57}.Release|Any CPU.Build.0 = Release|Any CPU
	EndGlobalSection
	GlobalSection(SolutionProperties) = preSolution
		HideSolutionNode = FALSE
	EndGlobalSection
	GlobalSection(ExtensibilityGlobals) = postSolution
		SolutionGuid = {5FE30A89-36B7-4BD1-BEC4-BEEBC03D7ADE}
	EndGlobalSection
EndGlobal
